
Microsoft Visual Studio Solution File, Format Version 12.00
# Visual Studio 15
VisualStudioVersion = 15.0.26730.12
MinimumVisualStudioVersion = 10.0.40219.1
Project("{888888A0-9F3D-457C-B088-3A5042F75D52}") = "Task1", "Task1\Task1.pyproj", "{871EB05A-44D0-475F-8ABA-AD7F6E24C897}"
EndProject
Project("{888888A0-9F3D-457C-B088-3A5042F75D52}") = "Task2", "Task2\Task2.pyproj", "{40610FE6-7E68-4571-BD06-3440213DD974}"
EndProject
Global
	GlobalSection(SolutionConfigurationPlatforms) = preSolution
		Debug|Any CPU = Debug|Any CPU
		Release|Any CPU = Release|Any CPU
	EndGlobalSection
	GlobalSection(ProjectConfigurationPlatforms) = postSolution
		{871EB05A-44D0-475F-8ABA-AD7F6E24C897}.Debug|Any CPU.ActiveCfg = Debug|Any CPU
		{871EB05A-44D0-475F-8ABA-AD7F6E24C897}.Release|Any CPU.ActiveCfg = Release|Any CPU
		{40610FE6-7E68-4571-BD06-3440213DD974}.Debug|Any CPU.ActiveCfg = Debug|Any CPU
		{40610FE6-7E68-4571-BD06-3440213DD974}.Release|Any CPU.ActiveCfg = Release|Any CPU
	EndGlobalSection
	GlobalSection(SolutionProperties) = preSolution
		HideSolutionNode = FALSE
	EndGlobalSection
	GlobalSection(ExtensibilityGlobals) = postSolution
		SolutionGuid = {0325C9B4-F19D-4B59-9D7E-84A1B572E684}
	EndGlobalSection
EndGlobal
